
Microsoft Visual Studio Solution File, Format Version 12.00
# Visual Studio Version 16
VisualStudioVersion = 16.0.31129.286
MinimumVisualStudioVersion = 10.0.40219.1
Project("{FAE04EC0-301F-11D3-BF4B-00C04F79EFBC}") = "BA-Managed-MAC-WhiteList", "BA-Managed-MAC-WhiteList.csproj", "{C032C2AD-7624-44C3-83D8-D67B2C4F8773}"
EndProject
Global
	GlobalSection(SolutionConfigurationPlatforms) = preSolution
		Debug|Any CPU = Debug|Any CPU
		Release|Any CPU = Release|Any CPU
	EndGlobalSection
	GlobalSection(ProjectConfigurationPlatforms) = postSolution
		{C032C2AD-7624-44C3-83D8-D67B2C4F8773}.Debug|Any CPU.ActiveCfg = Debug|Any CPU
		{C032C2AD-7624-44C3-83D8-D67B2C4F8773}.Debug|Any CPU.Build.0 = Debug|Any CPU
		{C032C2AD-7624-44C3-83D8-D67B2C4F8773}.Release|Any CPU.ActiveCfg = Release|Any CPU
		{C032C2AD-7624-44C3-83D8-D67B2C4F8773}.Release|Any CPU.Build.0 = Release|Any CPU
	EndGlobalSection
	GlobalSection(SolutionProperties) = preSolution
		HideSolutionNode = FALSE
	EndGlobalSection
	GlobalSection(ExtensibilityGlobals) = postSolution
		SolutionGuid = {2D87C9AB-0D1D-49FE-B896-F6965A9F759A}
	EndGlobalSection
EndGlobal
